// !$*UTF8*$!
{
	archiveVersion = 1;
	classes = {
	};
	objectVersion = 50;
	objects = {

/* Begin PBXBuildFile section */
		0164B34FB1F06D3FD0CC34F5 /* Pods_GeekPod.framework in Frameworks */ = {isa = PBXBuildFile; fileRef = 5385D81866F6F9E83221F876 /* Pods_GeekPod.framework */; };
		0F2B2770224808B1001935C4 /* GeekPod.framework in Frameworks */ = {isa = PBXBuildFile; fileRef = 0F2B2766224808B1001935C4 /* GeekPod.framework */; };
		0F2B2775224808B1001935C4 /* GeekPodTests.swift in Sources */ = {isa = PBXBuildFile; fileRef = 0F2B2774224808B1001935C4 /* GeekPodTests.swift */; };
		0F2B2777224808B1001935C4 /* GeekPod.h in Headers */ = {isa = PBXBuildFile; fileRef = 0F2B2769224808B1001935C4 /* GeekPod.h */; settings = {ATTRIBUTES = (Public, ); }; };
		0F2B278122480B76001935C4 /* RoundButton.swift in Sources */ = {isa = PBXBuildFile; fileRef = 0F2B278022480B76001935C4 /* RoundButton.swift */; };
		B73172B48A3DC12633083FFA /* Pods_GeekPodTests.framework in Frameworks */ = {isa = PBXBuildFile; fileRef = 938379CE2B399AE27829F2C8 /* Pods_GeekPodTests.framework */; };
/* End PBXBuildFile section */

/* Begin PBXContainerItemProxy section */
		0F2B2771224808B1001935C4 /* PBXContainerItemProxy */ = {
			isa = PBXContainerItemProxy;
			containerPortal = 0F2B275D224808B1001935C4 /* Project object */;
			proxyType = 1;
			remoteGlobalIDString = 0F2B2765224808B1001935C4;
			remoteInfo = GeekPod;
		};
/* End PBXContainerItemProxy section */

/* Begin PBXFileReference section */
		0F2B2766224808B1001935C4 /* GeekPod.framework */ = {isa = PBXFileReference; explicitFileType = wrapper.framework; includeInIndex = 0; path = GeekPod.framework; sourceTree = BUILT_PRODUCTS_DIR; };
		0F2B2769224808B1001935C4 /* GeekPod.h */ = {isa = PBXFileReference; lastKnownFileType = sourcecode.c.h; path = GeekPod.h; sourceTree = "<group>"; };
		0F2B276A224808B1001935C4 /* Info.plist */ = {isa = PBXFileReference; lastKnownFileType = text.plist.xml; path = Info.plist; sourceTree = "<group>"; };
		0F2B276F224808B1001935C4 /* GeekPodTests.xctest */ = {isa = PBXFileReference; explicitFileType = wrapper.cfbundle; includeInIndex = 0; path = GeekPodTests.xctest; sourceTree = BUILT_PRODUCTS_DIR; };
		0F2B2774224808B1001935C4 /* GeekPodTests.swift */ = {isa = PBXFileReference; lastKnownFileType = sourcecode.swift; path = GeekPodTests.swift; sourceTree = "<group>"; };
		0F2B2776224808B1001935C4 /* Info.plist */ = {isa = PBXFileReference; lastKnownFileType = text.plist.xml; path = Info.plist; sourceTree = "<group>"; };
		0F2B278022480B76001935C4 /* RoundButton.swift */ = {isa = PBXFileReference; lastKnownFileType = sourcecode.swift; path = RoundButton.swift; sourceTree = "<group>"; };
		4BDF14F880613B790A695A54 /* Pods-GeekPod.release.xcconfig */ = {isa = PBXFileReference; includeInIndex = 1; lastKnownFileType = text.xcconfig; name = "Pods-GeekPod.release.xcconfig"; path = "Pods/Target Support Files/Pods-GeekPod/Pods-GeekPod.release.xcconfig"; sourceTree = "<group>"; };
		5385D81866F6F9E83221F876 /* Pods_GeekPod.framework */ = {isa = PBXFileReference; explicitFileType = wrapper.framework; includeInIndex = 0; path = Pods_GeekPod.framework; sourceTree = BUILT_PRODUCTS_DIR; };
		5525468418AE2A210FEBEB51 /* Pods-GeekPodTests.debug.xcconfig */ = {isa = PBXFileReference; includeInIndex = 1; lastKnownFileType = text.xcconfig; name = "Pods-GeekPodTests.debug.xcconfig"; path = "Pods/Target Support Files/Pods-GeekPodTests/Pods-GeekPodTests.debug.xcconfig"; sourceTree = "<group>"; };
		7F4A6E7A82ED51FEE4BE3D22 /* Pods-GeekPod.debug.xcconfig */ = {isa = PBXFileReference; includeInIndex = 1; lastKnownFileType = text.xcconfig; name = "Pods-GeekPod.debug.xcconfig"; path = "Pods/Target Support Files/Pods-GeekPod/Pods-GeekPod.debug.xcconfig"; sourceTree = "<group>"; };
		938379CE2B399AE27829F2C8 /* Pods_GeekPodTests.framework */ = {isa = PBXFileReference; explicitFileType = wrapper.framework; includeInIndex = 0; path = Pods_GeekPodTests.framework; sourceTree = BUILT_PRODUCTS_DIR; };
		EF13BA10242F310381A06071 /* Pods-GeekPodTests.release.xcconfig */ = {isa = PBXFileReference; includeInIndex = 1; lastKnownFileType = text.xcconfig; name = "Pods-GeekPodTests.release.xcconfig"; path = "Pods/Target Support Files/Pods-GeekPodTests/Pods-GeekPodTests.release.xcconfig"; sourceTree = "<group>"; };
/* End PBXFileReference section */

/* Begin PBXFrameworksBuildPhase section */
		0F2B2763224808B1001935C4 /* Frameworks */ = {
			isa = PBXFrameworksBuildPhase;
			buildActionMask = 2147483647;
			files = (
				0164B34FB1F06D3FD0CC34F5 /* Pods_GeekPod.framework in Frameworks */,
			);
			runOnlyForDeploymentPostprocessing = 0;
		};
		0F2B276C224808B1001935C4 /* Frameworks */ = {
			isa = PBXFrameworksBuildPhase;
			buildActionMask = 2147483647;
			files = (
				0F2B2770224808B1001935C4 /* GeekPod.framework in Frameworks */,
				B73172B48A3DC12633083FFA /* Pods_GeekPodTests.framework in Frameworks */,
			);
			runOnlyForDeploymentPostprocessing = 0;
		};
/* End PBXFrameworksBuildPhase section */

/* Begin PBXGroup section */
		0F2B275C224808B1001935C4 = {
			isa = PBXGroup;
			children = (
				0F2B2768224808B1001935C4 /* GeekPod */,
				0F2B2773224808B1001935C4 /* GeekPodTests */,
				0F2B2767224808B1001935C4 /* Products */,
				FD97FD015A52230E36511D77 /* Pods */,
				92EB2C7D4F91BB49084625D9 /* Frameworks */,
			);
			sourceTree = "<group>";
		};
		0F2B2767224808B1001935C4 /* Products */ = {
			isa = PBXGroup;
			children = (
				0F2B2766224808B1001935C4 /* GeekPod.framework */,
				0F2B276F224808B1001935C4 /* GeekPodTests.xctest */,
			);
			name = Products;
			sourceTree = "<group>";
		};
		0F2B2768224808B1001935C4 /* GeekPod */ = {
			isa = PBXGroup;
			children = (
				0F2B2769224808B1001935C4 /* GeekPod.h */,
				0F2B278022480B76001935C4 /* RoundButton.swift */,
				0F2B276A224808B1001935C4 /* Info.plist */,
			);
			path = GeekPod;
			sourceTree = "<group>";
		};
		0F2B2773224808B1001935C4 /* GeekPodTests */ = {
			isa = PBXGroup;
			children = (
				0F2B2774224808B1001935C4 /* GeekPodTests.swift */,
				0F2B2776224808B1001935C4 /* Info.plist */,
			);
			path = GeekPodTests;
			sourceTree = "<group>";
		};
		92EB2C7D4F91BB49084625D9 /* Frameworks */ = {
			isa = PBXGroup;
			children = (
				5385D81866F6F9E83221F876 /* Pods_GeekPod.framework */,
				938379CE2B399AE27829F2C8 /* Pods_GeekPodTests.framework */,
			);
			name = Frameworks;
			sourceTree = "<group>";
		};
		FD97FD015A52230E36511D77 /* Pods */ = {
			isa = PBXGroup;
			children = (
				7F4A6E7A82ED51FEE4BE3D22 /* Pods-GeekPod.debug.xcconfig */,
				4BDF14F880613B790A695A54 /* Pods-GeekPod.release.xcconfig */,
				5525468418AE2A210FEBEB51 /* Pods-GeekPodTests.debug.xcconfig */,
				EF13BA10242F310381A06071 /* Pods-GeekPodTests.release.xcconfig */,
			);
			name = Pods;
			sourceTree = "<group>";
		};
/* End PBXGroup section */

/* Begin PBXHeadersBuildPhase section */
		0F2B2761224808B1001935C4 /* Headers */ = {
			isa = PBXHeadersBuildPhase;
			buildActionMask = 2147483647;
			files = (
				0F2B2777224808B1001935C4 /* GeekPod.h in Headers */,
			);
			runOnlyForDeploymentPostprocessing = 0;
		};
/* End PBXHeadersBuildPhase section */

/* Begin PBXNativeTarget section */
		0F2B2765224808B1001935C4 /* GeekPod */ = {
			isa = PBXNativeTarget;
			buildConfigurationList = 0F2B277A224808B1001935C4 /* Build configuration list for PBXNativeTarget "GeekPod" */;
			buildPhases = (
				7A0A32F9E3D189BA28D05AC0 /* [CP] Check Pods Manifest.lock */,
				0F2B2761224808B1001935C4 /* Headers */,
				0F2B2762224808B1001935C4 /* Sources */,
				0F2B2763224808B1001935C4 /* Frameworks */,
				0F2B2764224808B1001935C4 /* Resources */,
			);
			buildRules = (
			);
			dependencies = (
			);
			name = GeekPod;
			productName = GeekPod;
			productReference = 0F2B2766224808B1001935C4 /* GeekPod.framework */;
			productType = "com.apple.product-type.framework";
		};
		0F2B276E224808B1001935C4 /* GeekPodTests */ = {
			isa = PBXNativeTarget;
			buildConfigurationList = 0F2B277D224808B1001935C4 /* Build configuration list for PBXNativeTarget "GeekPodTests" */;
			buildPhases = (
				EE2CD557BE678C3273793614 /* [CP] Check Pods Manifest.lock */,
				0F2B276B224808B1001935C4 /* Sources */,
				0F2B276C224808B1001935C4 /* Frameworks */,
				0F2B276D224808B1001935C4 /* Resources */,
				B1C754E66E95AB3FCBB13E84 /* [CP] Embed Pods Frameworks */,
			);
			buildRules = (
			);
			dependencies = (
				0F2B2772224808B1001935C4 /* PBXTargetDependency */,
			);
			name = GeekPodTests;
			productName = GeekPodTests;
			productReference = 0F2B276F224808B1001935C4 /* GeekPodTests.xctest */;
			productType = "com.apple.product-type.bundle.unit-test";
		};
/* End PBXNativeTarget section */

/* Begin PBXProject section */
		0F2B275D224808B1001935C4 /* Project object */ = {
			isa = PBXProject;
			attributes = {
				LastSwiftUpdateCheck = 1010;
				LastUpgradeCheck = 1010;
				ORGANIZATIONNAME = "Volodymyr Maievskyi";
				TargetAttributes = {
					0F2B2765224808B1001935C4 = {
						CreatedOnToolsVersion = 10.1;
						LastSwiftMigration = 1010;
					};
					0F2B276E224808B1001935C4 = {
						CreatedOnToolsVersion = 10.1;
					};
				};
			};
			buildConfigurationList = 0F2B2760224808B1001935C4 /* Build configuration list for PBXProject "GeekPod" */;
			compatibilityVersion = "Xcode 9.3";
			developmentRegion = en;
			hasScannedForEncodings = 0;
			knownRegions = (
				en,
			);
			mainGroup = 0F2B275C224808B1001935C4;
			productRefGroup = 0F2B2767224808B1001935C4 /* Products */;
			projectDirPath = "";
			projectRoot = "";
			targets = (
				0F2B2765224808B1001935C4 /* GeekPod */,
				0F2B276E224808B1001935C4 /* GeekPodTests */,
			);
		};
/* End PBXProject section */

/* Begin PBXResourcesBuildPhase section */
		0F2B2764224808B1001935C4 /* Resources */ = {
			isa = PBXResourcesBuildPhase;
			buildActionMask = 2147483647;
			files = (
			);
			runOnlyForDeploymentPostprocessing = 0;
		};
		0F2B276D224808B1001935C4 /* Resources */ = {
			isa = PBXResourcesBuildPhase;
			buildActionMask = 2147483647;
			files = (
			);
			runOnlyForDeploymentPostprocessing = 0;
		};
/* End PBXResourcesBuildPhase section */

/* Begin PBXShellScriptBuildPhase section */
		7A0A32F9E3D189BA28D05AC0 /* [CP] Check Pods Manifest.lock */ = {
			isa = PBXShellScriptBuildPhase;
			buildActionMask = 2147483647;
			files = (
			);
			inputFileListPaths = (
			);
			inputPaths = (
				"${PODS_PODFILE_DIR_PATH}/Podfile.lock",
				"${PODS_ROOT}/Manifest.lock",
			);
			name = "[CP] Check Pods Manifest.lock";
			outputFileListPaths = (
			);
			outputPaths = (
				"$(DERIVED_FILE_DIR)/Pods-GeekPod-checkManifestLockResult.txt",
			);
			runOnlyForDeploymentPostprocessing = 0;
			shellPath = /bin/sh;
			shellScript = "diff \"${PODS_PODFILE_DIR_PATH}/Podfile.lock\" \"${PODS_ROOT}/Manifest.lock\" > /dev/null\nif [ $? != 0 ] ; then\n    # print error to STDERR\n    echo \"error: The sandbox is not in sync with the Podfile.lock. Run 'pod install' or update your CocoaPods installation.\" >&2\n    exit 1\nfi\n# This output is used by Xcode 'outputs' to avoid re-running this script phase.\necho \"SUCCESS\" > \"${SCRIPT_OUTPUT_FILE_0}\"\n";
			showEnvVarsInLog = 0;
		};
		B1C754E66E95AB3FCBB13E84 /* [CP] Embed Pods Frameworks */ = {
			isa = PBXShellScriptBuildPhase;
			buildActionMask = 2147483647;
			files = (
			);
			inputFileListPaths = (
			);
			inputPaths = (
				"${SRCROOT}/Pods/Target Support Files/Pods-GeekPodTests/Pods-GeekPodTests-frameworks.sh",
				"${BUILT_PRODUCTS_DIR}/Hero/Hero.framework",
			);
			name = "[CP] Embed Pods Frameworks";
			outputFileListPaths = (
			);
			outputPaths = (
				"${TARGET_BUILD_DIR}/${FRAMEWORKS_FOLDER_PATH}/Hero.framework",
			);
			runOnlyForDeploymentPostprocessing = 0;
			shellPath = /bin/sh;
			shellScript = "\"${SRCROOT}/Pods/Target Support Files/Pods-GeekPodTests/Pods-GeekPodTests-frameworks.sh\"\n";
			showEnvVarsInLog = 0;
		};
		EE2CD557BE678C3273793614 /* [CP] Check Pods Manifest.lock */ = {
			isa = PBXShellScriptBuildPhase;
			buildActionMask = 2147483647;
			files = (
			);
			inputFileListPaths = (
			);
			inputPaths = (
				"${PODS_PODFILE_DIR_PATH}/Podfile.lock",
				"${PODS_ROOT}/Manifest.lock",
			);
			name = "[CP] Check Pods Manifest.lock";
			outputFileListPaths = (
			);
			outputPaths = (
				"$(DERIVED_FILE_DIR)/Pods-GeekPodTests-checkManifestLockResult.txt",
			);
			runOnlyForDeploymentPostprocessing = 0;
			shellPath = /bin/sh;
			shellScript = "diff \"${PODS_PODFILE_DIR_PATH}/Podfile.lock\" \"${PODS_ROOT}/Manifest.lock\" > /dev/null\nif [ $? != 0 ] ; then\n    # print error to STDERR\n    echo \"error: The sandbox is not in sync with the Podfile.lock. Run 'pod install' or update your CocoaPods installation.\" >&2\n    exit 1\nfi\n# This output is used by Xcode 'outputs' to avoid re-running this script phase.\necho \"SUCCESS\" > \"${SCRIPT_OUTPUT_FILE_0}\"\n";
			showEnvVarsInLog = 0;
		};
/* End PBXShellScriptBuildPhase section */

/* Begin PBXSourcesBuildPhase section */
		0F2B2762224808B1001935C4 /* Sources */ = {
			isa = PBXSourcesBuildPhase;
			buildActionMask = 2147483647;
			files = (
				0F2B278122480B76001935C4 /* RoundButton.swift in Sources */,
			);
			runOnlyForDeploymentPostprocessing = 0;
		};
		0F2B276B224808B1001935C4 /* Sources */ = {
			isa = PBXSourcesBuildPhase;
			buildActionMask = 2147483647;
			files = (
				0F2B2775224808B1001935C4 /* GeekPodTests.swift in Sources */,
			);
			runOnlyForDeploymentPostprocessing = 0;
		};
/* End PBXSourcesBuildPhase section */

/* Begin PBXTargetDependency section */
		0F2B2772224808B1001935C4 /* PBXTargetDependency */ = {
			isa = PBXTargetDependency;
			target = 0F2B2765224808B1001935C4 /* GeekPod */;
			targetProxy = 0F2B2771224808B1001935C4 /* PBXContainerItemProxy */;
		};
/* End PBXTargetDependency section */

/* Begin XCBuildConfiguration section */
		0F2B2778224808B1001935C4 /* Debug */ = {
			isa = XCBuildConfiguration;
			buildSettings = {
				ALWAYS_SEARCH_USER_PATHS = NO;
				CLANG_ANALYZER_NONNULL = YES;
				CLANG_ANALYZER_NUMBER_OBJECT_CONVERSION = YES_AGGRESSIVE;
				CLANG_CXX_LANGUAGE_STANDARD = "gnu++14";
				CLANG_CXX_LIBRARY = "libc++";
				CLANG_ENABLE_MODULES = YES;
				CLANG_ENABLE_OBJC_ARC = YES;
				CLANG_ENABLE_OBJC_WEAK = YES;
				CLANG_WARN_BLOCK_CAPTURE_AUTORELEASING = YES;
				CLANG_WARN_BOOL_CONVERSION = YES;
				CLANG_WARN_COMMA = YES;
				CLANG_WARN_CONSTANT_CONVERSION = YES;
				CLANG_WARN_DEPRECATED_OBJC_IMPLEMENTATIONS = YES;
				CLANG_WARN_DIRECT_OBJC_ISA_USAGE = YES_ERROR;
				CLANG_WARN_DOCUMENTATION_COMMENTS = YES;
				CLANG_WARN_EMPTY_BODY = YES;
				CLANG_WARN_ENUM_CONVERSION = YES;
				CLANG_WARN_INFINITE_RECURSION = YES;
				CLANG_WARN_INT_CONVERSION = YES;
				CLANG_WARN_NON_LITERAL_NULL_CONVERSION = YES;
				CLANG_WARN_OBJC_IMPLICIT_RETAIN_SELF = YES;
				CLANG_WARN_OBJC_LITERAL_CONVERSION = YES;
				CLANG_WARN_OBJC_ROOT_CLASS = YES_ERROR;
				CLANG_WARN_RANGE_LOOP_ANALYSIS = YES;
				CLANG_WARN_STRICT_PROTOTYPES = YES;
				CLANG_WARN_SUSPICIOUS_MOVE = YES;
				CLANG_WARN_UNGUARDED_AVAILABILITY = YES_AGGRESSIVE;
				CLANG_WARN_UNREACHABLE_CODE = YES;
				CLANG_WARN__DUPLICATE_METHOD_MATCH = YES;
				CODE_SIGN_IDENTITY = "iPhone Developer";
				COPY_PHASE_STRIP = NO;
				CURRENT_PROJECT_VERSION = 1;
				DEBUG_INFORMATION_FORMAT = dwarf;
				ENABLE_STRICT_OBJC_MSGSEND = YES;
				ENABLE_TESTABILITY = YES;
				GCC_C_LANGUAGE_STANDARD = gnu11;
				GCC_DYNAMIC_NO_PIC = NO;
				GCC_NO_COMMON_BLOCKS = YES;
				GCC_OPTIMIZATION_LEVEL = 0;
				GCC_PREPROCESSOR_DEFINITIONS = (
					"DEBUG=1",
					"$(inherited)",
				);
				GCC_WARN_64_TO_32_BIT_CONVERSION = YES;
				GCC_WARN_ABOUT_RETURN_TYPE = YES_ERROR;
				GCC_WARN_UNDECLARED_SELECTOR = YES;
				GCC_WARN_UNINITIALIZED_AUTOS = YES_AGGRESSIVE;
				GCC_WARN_UNUSED_FUNCTION = YES;
				GCC_WARN_UNUSED_VARIABLE = YES;
				IPHONEOS_DEPLOYMENT_TARGET = 12.1;
				MTL_ENABLE_DEBUG_INFO = INCLUDE_SOURCE;
				MTL_FAST_MATH = YES;
				ONLY_ACTIVE_ARCH = YES;
				SDKROOT = iphoneos;
				SWIFT_ACTIVE_COMPILATION_CONDITIONS = DEBUG;
				SWIFT_OPTIMIZATION_LEVEL = "-Onone";
				VERSIONING_SYSTEM = "apple-generic";
				VERSION_INFO_PREFIX = "";
			};
			name = Debug;
		};
		0F2B2779224808B1001935C4 /* Release */ = {
			isa = XCBuildConfiguration;
			buildSettings = {
				ALWAYS_SEARCH_USER_PATHS = NO;
				CLANG_ANALYZER_NONNULL = YES;
				CLANG_ANALYZER_NUMBER_OBJECT_CONVERSION = YES_AGGRESSIVE;
				CLANG_CXX_LANGUAGE_STANDARD = "gnu++14";
				CLANG_CXX_LIBRARY = "libc++";
				CLANG_ENABLE_MODULES = YES;
				CLANG_ENABLE_OBJC_ARC = YES;
				CLANG_ENABLE_OBJC_WEAK = YES;
				CLANG_WARN_BLOCK_CAPTURE_AUTORELEASING = YES;
				CLANG_WARN_BOOL_CONVERSION = YES;
				CLANG_WARN_COMMA = YES;
				CLANG_WARN_CONSTANT_CONVERSION = YES;
				CLANG_WARN_DEPRECATED_OBJC_IMPLEMENTATIONS = YES;
				CLANG_WARN_DIRECT_OBJC_ISA_USAGE = YES_ERROR;
				CLANG_WARN_DOCUMENTATION_COMMENTS = YES;
				CLANG_WARN_EMPTY_BODY = YES;
				CLANG_WARN_ENUM_CONVERSION = YES;
				CLANG_WARN_INFINITE_RECURSION = YES;
				CLANG_WARN_INT_CONVERSION = YES;
				CLANG_WARN_NON_LITERAL_NULL_CONVERSION = YES;
				CLANG_WARN_OBJC_IMPLICIT_RETAIN_SELF = YES;
				CLANG_WARN_OBJC_LITERAL_CONVERSION = YES;
				CLANG_WARN_OBJC_ROOT_CLASS = YES_ERROR;
				CLANG_WARN_RANGE_LOOP_ANALYSIS = YES;
				CLANG_WARN_STRICT_PROTOTYPES = YES;
				CLANG_WARN_SUSPICIOUS_MOVE = YES;
				CLANG_WARN_UNGUARDED_AVAILABILITY = YES_AGGRESSIVE;
				CLANG_WARN_UNREACHABLE_CODE = YES;
				CLANG_WARN__DUPLICATE_METHOD_MATCH = YES;
				CODE_SIGN_IDENTITY = "iPhone Developer";
				COPY_PHASE_STRIP = NO;
				CURRENT_PROJECT_VERSION = 1;
				DEBUG_INFORMATION_FORMAT = "dwarf-with-dsym";
				ENABLE_NS_ASSERTIONS = NO;
				ENABLE_STRICT_OBJC_MSGSEND = YES;
				GCC_C_LANGUAGE_STANDARD = gnu11;
				GCC_NO_COMMON_BLOCKS = YES;
				GCC_WARN_64_TO_32_BIT_CONVERSION = YES;
				GCC_WARN_ABOUT_RETURN_TYPE = YES_ERROR;
				GCC_WARN_UNDECLARED_SELECTOR = YES;
				GCC_WARN_UNINITIALIZED_AUTOS = YES_AGGRESSIVE;
				GCC_WARN_UNUSED_FUNCTION = YES;
				GCC_WARN_UNUSED_VARIABLE = YES;
				IPHONEOS_DEPLOYMENT_TARGET = 12.1;
				MTL_ENABLE_DEBUG_INFO = NO;
				MTL_FAST_MATH = YES;
				SDKROOT = iphoneos;
				SWIFT_COMPILATION_MODE = wholemodule;
				SWIFT_OPTIMIZATION_LEVEL = "-O";
				VALIDATE_PRODUCT = YES;
				VERSIONING_SYSTEM = "apple-generic";
				VERSION_INFO_PREFIX = "";
			};
			name = Release;
		};
		0F2B277B224808B1001935C4 /* Debug */ = {
			isa = XCBuildConfiguration;
			baseConfigurationReference = 7F4A6E7A82ED51FEE4BE3D22 /* Pods-GeekPod.debug.xcconfig */;
			buildSettings = {
				CLANG_ENABLE_MODULES = YES;
				CODE_SIGN_IDENTITY = "";
				CODE_SIGN_STYLE = Automatic;
				DEFINES_MODULE = YES;
				DEVELOPMENT_TEAM = G9SN9CVRUD;
				DYLIB_COMPATIBILITY_VERSION = 1;
				DYLIB_CURRENT_VERSION = 1;
				DYLIB_INSTALL_NAME_BASE = "@rpath";
				INFOPLIST_FILE = GeekPod/Info.plist;
				INSTALL_PATH = "$(LOCAL_LIBRARY_DIR)/Frameworks";
				LD_RUNPATH_SEARCH_PATHS = (
					"$(inherited)",
					"@executable_path/Frameworks",
					"@loader_path/Frameworks",
				);
				PRODUCT_BUNDLE_IDENTIFIER = Maievskyi.GeekPod;
				PRODUCT_NAME = "$(TARGET_NAME:c99extidentifier)";
				SKIP_INSTALL = YES;
				SWIFT_OPTIMIZATION_LEVEL = "-Onone";
				SWIFT_VERSION = 4.2;
				TARGETED_DEVICE_FAMILY = "1,2";
			};
			name = Debug;
		};
		0F2B277C224808B1001935C4 /* Release */ = {
			isa = XCBuildConfiguration;
			baseConfigurationReference = 4BDF14F880613B790A695A54 /* Pods-GeekPod.release.xcconfig */;
			buildSettings = {
				CLANG_ENABLE_MODULES = YES;
				CODE_SIGN_IDENTITY = "";
				CODE_SIGN_STYLE = Automatic;
				DEFINES_MODULE = YES;
				DEVELOPMENT_TEAM = G9SN9CVRUD;
				DYLIB_COMPATIBILITY_VERSION = 1;
				DYLIB_CURRENT_VERSION = 1;
				DYLIB_INSTALL_NAME_BASE = "@rpath";
				INFOPLIST_FILE = GeekPod/Info.plist;
				INSTALL_PATH = "$(LOCAL_LIBRARY_DIR)/Frameworks";
				LD_RUNPATH_SEARCH_PATHS = (
					"$(inherited)",
					"@executable_path/Frameworks",
					"@loader_path/Frameworks",
				);
				PRODUCT_BUNDLE_IDENTIFIER = Maievskyi.GeekPod;
				PRODUCT_NAME = "$(TARGET_NAME:c99extidentifier)";
				SKIP_INSTALL = YES;
				SWIFT_VERSION = 4.2;
				TARGETED_DEVICE_FAMILY = "1,2";
			};
			name = Release;
		};
		0F2B277E224808B1001935C4 /* Debug */ = {
			isa = XCBuildConfiguration;
			baseConfigurationReference = 5525468418AE2A210FEBEB51 /* Pods-GeekPodTests.debug.xcconfig */;
			buildSettings = {
				ALWAYS_EMBED_SWIFT_STANDARD_LIBRARIES = YES;
				CODE_SIGN_STYLE = Automatic;
				DEVELOPMENT_TEAM = G9SN9CVRUD;
				INFOPLIST_FILE = GeekPodTests/Info.plist;
				LD_RUNPATH_SEARCH_PATHS = (
					"$(inherited)",
					"@executable_path/Frameworks",
					"@loader_path/Frameworks",
				);
				PRODUCT_BUNDLE_IDENTIFIER = Maievskyi.GeekPodTests;
				PRODUCT_NAME = "$(TARGET_NAME)";
				SWIFT_VERSION = 4.2;
				TARGETED_DEVICE_FAMILY = "1,2";
			};
			name = Debug;
		};
		0F2B277F224808B1001935C4 /* Release */ = {
			isa = XCBuildConfiguration;
			baseConfigurationReference = EF13BA10242F310381A06071 /* Pods-GeekPodTests.release.xcconfig */;
			buildSettings = {
				ALWAYS_EMBED_SWIFT_STANDARD_LIBRARIES = YES;
				CODE_SIGN_STYLE = Automatic;
				DEVELOPMENT_TEAM = G9SN9CVRUD;
				INFOPLIST_FILE = GeekPodTests/Info.plist;
				LD_RUNPATH_SEARCH_PATHS = (
					"$(inherited)",
					"@executable_path/Frameworks",
					"@loader_path/Frameworks",
				);
				PRODUCT_BUNDLE_IDENTIFIER = Maievskyi.GeekPodTests;
				PRODUCT_NAME = "$(TARGET_NAME)";
				SWIFT_VERSION = 4.2;
				TARGETED_DEVICE_FAMILY = "1,2";
			};
			name = Release;
		};
/* End XCBuildConfiguration section */

/* Begin XCConfigurationList section */
		0F2B2760224808B1001935C4 /* Build configuration list for PBXProject "GeekPod" */ = {
			isa = XCConfigurationList;
			buildConfigurations = (
				0F2B2778224808B1001935C4 /* Debug */,
				0F2B2779224808B1001935C4 /* Release */,
			);
			defaultConfigurationIsVisible = 0;
			defaultConfigurationName = Release;
		};
		0F2B277A224808B1001935C4 /* Build configuration list for PBXNativeTarget "GeekPod" */ = {
			isa = XCConfigurationList;
			buildConfigurations = (
				0F2B277B224808B1001935C4 /* Debug */,
				0F2B277C224808B1001935C4 /* Release */,
			);
			defaultConfigurationIsVisible = 0;
			defaultConfigurationName = Release;
		};
		0F2B277D224808B1001935C4 /* Build configuration list for PBXNativeTarget "GeekPodTests" */ = {
			isa = XCConfigurationList;
			buildConfigurations = (
				0F2B277E224808B1001935C4 /* Debug */,
				0F2B277F224808B1001935C4 /* Release */,
			);
			defaultConfigurationIsVisible = 0;
			defaultConfigurationName = Release;
		};
/* End XCConfigurationList section */
	};
	rootObject = 0F2B275D224808B1001935C4 /* Project object */;
}
